// !$*UTF8*$!
{
	archiveVersion = 1;
	classes = {
	};
	objectVersion = 50;
	objects = {

/* Begin PBXBuildFile section */
		667173C3243813D700704116 /* main.cpp in Sources */ = {isa = PBXBuildFile; fileRef = 667173C2243813D700704116 /* main.cpp */; };
/* End PBXBuildFile section */

/* Begin PBXContainerItemProxy section */
		66399EC824397D7200102861 /* PBXContainerItemProxy */ = {
			isa = PBXContainerItemProxy;
			containerPortal = 66399EC424397D7000102861 /* TreeRecursion.xcodeproj */;
			proxyType = 2;
			remoteGlobalIDString = 66399EBA24397D7000102861;
			remoteInfo = TreeRecursion;
		};
		66399EE12439803F00102861 /* PBXContainerItemProxy */ = {
			isa = PBXContainerItemProxy;
			containerPortal = 66399EDD2439803E00102861 /* IndirectRecursion.xcodeproj */;
			proxyType = 2;
			remoteGlobalIDString = 66399ED32439803E00102861;
			remoteInfo = IndirectRecursion;
		};
		66399EFA2439818D00102861 /* PBXContainerItemProxy */ = {
			isa = PBXContainerItemProxy;
			containerPortal = 66399EF62439818C00102861 /* NestedRecursion.xcodeproj */;
			proxyType = 2;
			remoteGlobalIDString = 66399EEC2439818C00102861;
			remoteInfo = NestedRecursion;
		};
		667C94F1243A1CCF00A2BE2D /* PBXContainerItemProxy */ = {
			isa = PBXContainerItemProxy;
			containerPortal = 66399F0F243983B000102861 /* TaylorSeries.xcodeproj */;
			proxyType = 2;
			remoteGlobalIDString = 66399F05243983B000102861;
			remoteInfo = TaylorSeries;
		};
		667C950A243A1CF500A2BE2D /* PBXContainerItemProxy */ = {
			isa = PBXContainerItemProxy;
			containerPortal = 667C9506243A1CF400A2BE2D /* Fibonacci.xcodeproj */;
			proxyType = 2;
			remoteGlobalIDString = 667C94FC243A1CF400A2BE2D;
			remoteInfo = Fibonacci;
		};
		667C9523243A21A400A2BE2D /* PBXContainerItemProxy */ = {
			isa = PBXContainerItemProxy;
			containerPortal = 667C951F243A21A300A2BE2D /* CombinatoryNumber.xcodeproj */;
			proxyType = 2;
			remoteGlobalIDString = 667C9515243A21A300A2BE2D;
			remoteInfo = CombinatoryNumber;
		};
		667C953C243A238000A2BE2D /* PBXContainerItemProxy */ = {
			isa = PBXContainerItemProxy;
			containerPortal = 667C9538243A237F00A2BE2D /* HanoiTowers.xcodeproj */;
			proxyType = 2;
			remoteGlobalIDString = 667C952E243A237F00A2BE2D;
			remoteInfo = HanoiTowers;
		};
		667C9559243A69DA00A2BE2D /* PBXContainerItemProxy */ = {
			isa = PBXContainerItemProxy;
			containerPortal = 667C9555243A69D900A2BE2D /* ArrayBasics.xcodeproj */;
			proxyType = 2;
			remoteGlobalIDString = 667C954B243A69D900A2BE2D;
			remoteInfo = ArrayBasics;
		};
		667C9572243A6B6900A2BE2D /* PBXContainerItemProxy */ = {
			isa = PBXContainerItemProxy;
			containerPortal = 667C956E243A6B6800A2BE2D /* DynamicArray.xcodeproj */;
			proxyType = 2;
			remoteGlobalIDString = 667C9564243A6B6800A2BE2D;
			remoteInfo = DynamicArray;
		};
		667C958B243A6CF900A2BE2D /* PBXContainerItemProxy */ = {
			isa = PBXContainerItemProxy;
			containerPortal = 667C9587243A6CF800A2BE2D /* ResizeArray.xcodeproj */;
			proxyType = 2;
			remoteGlobalIDString = 667C957D243A6CF800A2BE2D;
			remoteInfo = ResizeArray;
		};
/* End PBXContainerItemProxy section */

/* Begin PBXCopyFilesBuildPhase section */
		667173BD243813D700704116 /* CopyFiles */ = {
			isa = PBXCopyFilesBuildPhase;
			buildActionMask = 2147483647;
			dstPath = /usr/share/man/man1/;
			dstSubfolderSpec = 0;
			files = (
			);
			runOnlyForDeploymentPostprocessing = 1;
		};
/* End PBXCopyFilesBuildPhase section */

/* Begin PBXFileReference section */
		66399EAE24396D1300102861 /* assets */ = {isa = PBXFileReference; lastKnownFileType = folder; path = assets; sourceTree = "<group>"; };
		66399EB024397A7500102861 /* README.md */ = {isa = PBXFileReference; lastKnownFileType = net.daringfireball.markdown; path = README.md; sourceTree = "<group>"; };
		66399EC424397D7000102861 /* TreeRecursion.xcodeproj */ = {isa = PBXFileReference; lastKnownFileType = "wrapper.pb-project"; name = TreeRecursion.xcodeproj; path = TreeRecursion/TreeRecursion.xcodeproj; sourceTree = "<group>"; };
		66399EDD2439803E00102861 /* IndirectRecursion.xcodeproj */ = {isa = PBXFileReference; lastKnownFileType = "wrapper.pb-project"; name = IndirectRecursion.xcodeproj; path = IndirectRecursion/IndirectRecursion.xcodeproj; sourceTree = "<group>"; };
		66399EF62439818C00102861 /* NestedRecursion.xcodeproj */ = {isa = PBXFileReference; lastKnownFileType = "wrapper.pb-project"; name = NestedRecursion.xcodeproj; path = NestedRecursion/NestedRecursion.xcodeproj; sourceTree = "<group>"; };
		66399F0F243983B000102861 /* TaylorSeries.xcodeproj */ = {isa = PBXFileReference; lastKnownFileType = "wrapper.pb-project"; name = TaylorSeries.xcodeproj; path = TaylorSeries/TaylorSeries.xcodeproj; sourceTree = "<group>"; };
		667173BF243813D700704116 /* data-structures-and-algorithms */ = {isa = PBXFileReference; explicitFileType = "compiled.mach-o.executable"; includeInIndex = 0; path = "data-structures-and-algorithms"; sourceTree = BUILT_PRODUCTS_DIR; };
		667173C2243813D700704116 /* main.cpp */ = {isa = PBXFileReference; lastKnownFileType = sourcecode.cpp.cpp; path = main.cpp; sourceTree = "<group>"; };
		667173C92438143900704116 /* README.md */ = {isa = PBXFileReference; lastKnownFileType = net.daringfireball.markdown; path = README.md; sourceTree = SOURCE_ROOT; };
		667173CB2438148600704116 /* README.md */ = {isa = PBXFileReference; lastKnownFileType = net.daringfireball.markdown; path = README.md; sourceTree = "<group>"; };
		667C9506243A1CF400A2BE2D /* Fibonacci.xcodeproj */ = {isa = PBXFileReference; lastKnownFileType = "wrapper.pb-project"; name = Fibonacci.xcodeproj; path = Fibonacci/Fibonacci.xcodeproj; sourceTree = "<group>"; };
		667C951F243A21A300A2BE2D /* CombinatoryNumber.xcodeproj */ = {isa = PBXFileReference; lastKnownFileType = "wrapper.pb-project"; name = CombinatoryNumber.xcodeproj; path = CombinatoryNumber/CombinatoryNumber.xcodeproj; sourceTree = "<group>"; };
		667C9538243A237F00A2BE2D /* HanoiTowers.xcodeproj */ = {isa = PBXFileReference; lastKnownFileType = "wrapper.pb-project"; name = HanoiTowers.xcodeproj; path = HanoiTowers/HanoiTowers.xcodeproj; sourceTree = "<group>"; };
		667C9541243A686100A2BE2D /* README.md */ = {isa = PBXFileReference; lastKnownFileType = net.daringfireball.markdown; path = README.md; sourceTree = "<group>"; };
		667C9555243A69D900A2BE2D /* ArrayBasics.xcodeproj */ = {isa = PBXFileReference; lastKnownFileType = "wrapper.pb-project"; name = ArrayBasics.xcodeproj; path = ArrayBasics/ArrayBasics.xcodeproj; sourceTree = "<group>"; };
		667C956E243A6B6800A2BE2D /* DynamicArray.xcodeproj */ = {isa = PBXFileReference; lastKnownFileType = "wrapper.pb-project"; name = DynamicArray.xcodeproj; path = DynamicArray/DynamicArray.xcodeproj; sourceTree = "<group>"; };
		667C9587243A6CF800A2BE2D /* ResizeArray.xcodeproj */ = {isa = PBXFileReference; lastKnownFileType = "wrapper.pb-project"; name = ResizeArray.xcodeproj; path = ResizeArray/ResizeArray.xcodeproj; sourceTree = "<group>"; };
		667C95A0243AA1CB00A2BE2D /* ArrayADT.xcodeproj */ = {isa = PBXFileReference; lastKnownFileType = "wrapper.pb-project"; name = ArrayADT.xcodeproj; path = ADT/ArrayADT.xcodeproj; sourceTree = "<group>"; };
/* End PBXFileReference section */

/* Begin PBXFrameworksBuildPhase section */
		667173BC243813D700704116 /* Frameworks */ = {
			isa = PBXFrameworksBuildPhase;
			buildActionMask = 2147483647;
			files = (
			);
			runOnlyForDeploymentPostprocessing = 0;
		};
/* End PBXFrameworksBuildPhase section */

/* Begin PBXGroup section */
		66399EAF24397A5E00102861 /* recursion */ = {
			isa = PBXGroup;
			children = (
				667C9538243A237F00A2BE2D /* HanoiTowers.xcodeproj */,
				667C951F243A21A300A2BE2D /* CombinatoryNumber.xcodeproj */,
				667C9506243A1CF400A2BE2D /* Fibonacci.xcodeproj */,
				66399F0F243983B000102861 /* TaylorSeries.xcodeproj */,
				66399EF62439818C00102861 /* NestedRecursion.xcodeproj */,
				66399EDD2439803E00102861 /* IndirectRecursion.xcodeproj */,
				66399EC424397D7000102861 /* TreeRecursion.xcodeproj */,
				66399EB024397A7500102861 /* README.md */,
			);
			path = recursion;
			sourceTree = "<group>";
		};
		66399EC524397D7000102861 /* Products */ = {
			isa = PBXGroup;
			children = (
				66399EC924397D7200102861 /* TreeRecursion */,
			);
			name = Products;
			sourceTree = "<group>";
		};
		66399EDE2439803E00102861 /* Products */ = {
			isa = PBXGroup;
			children = (
				66399EE22439803F00102861 /* IndirectRecursion */,
			);
			name = Products;
			sourceTree = "<group>";
		};
		66399EF72439818C00102861 /* Products */ = {
			isa = PBXGroup;
			children = (
				66399EFB2439818D00102861 /* NestedRecursion */,
			);
			name = Products;
			sourceTree = "<group>";
		};
		667173B6243813D700704116 = {
			isa = PBXGroup;
			children = (
				66399EAE24396D1300102861 /* assets */,
				667173C1243813D700704116 /* src */,
				667173C0243813D700704116 /* Products */,
			);
			sourceTree = "<group>";
		};
		667173C0243813D700704116 /* Products */ = {
			isa = PBXGroup;
			children = (
				667173BF243813D700704116 /* data-structures-and-algorithms */,
			);
			name = Products;
			sourceTree = "<group>";
		};
		667173C1243813D700704116 /* src */ = {
			isa = PBXGroup;
			children = (
				667C953F243A683000A2BE2D /* data-structures */,
				66399EAF24397A5E00102861 /* recursion */,
				667173CA2438147900704116 /* introduction */,
				667173C2243813D700704116 /* main.cpp */,
				667173C92438143900704116 /* README.md */,
			);
			path = src;
			sourceTree = "<group>";
		};
		667173CA2438147900704116 /* introduction */ = {
			isa = PBXGroup;
			children = (
				667173CB2438148600704116 /* README.md */,
			);
			path = introduction;
			sourceTree = "<group>";
		};
		667C94EE243A1CCF00A2BE2D /* Products */ = {
			isa = PBXGroup;
			children = (
				667C94F2243A1CCF00A2BE2D /* TaylorSeries */,
			);
			name = Products;
			sourceTree = "<group>";
		};
		667C9507243A1CF400A2BE2D /* Products */ = {
			isa = PBXGroup;
			children = (
				667C950B243A1CF500A2BE2D /* Fibonacci */,
			);
			name = Products;
			sourceTree = "<group>";
		};
		667C9520243A21A300A2BE2D /* Products */ = {
			isa = PBXGroup;
			children = (
				667C9524243A21A400A2BE2D /* CombinatoryNumber */,
			);
			name = Products;
			sourceTree = "<group>";
		};
		667C9539243A237F00A2BE2D /* Products */ = {
			isa = PBXGroup;
			children = (
				667C953D243A238000A2BE2D /* HanoiTowers */,
			);
			name = Products;
			sourceTree = "<group>";
		};
		667C953F243A683000A2BE2D /* data-structures */ = {
			isa = PBXGroup;
			children = (
				667C9540243A684300A2BE2D /* array */,
			);
			path = "data-structures";
			sourceTree = "<group>";
		};
		667C9540243A684300A2BE2D /* array */ = {
			isa = PBXGroup;
			children = (
				667C95A0243AA1CB00A2BE2D /* ArrayADT.xcodeproj */,
				667C9587243A6CF800A2BE2D /* ResizeArray.xcodeproj */,
				667C956E243A6B6800A2BE2D /* DynamicArray.xcodeproj */,
				667C9555243A69D900A2BE2D /* ArrayBasics.xcodeproj */,
				667C9541243A686100A2BE2D /* README.md */,
			);
			path = array;
			sourceTree = "<group>";
		};
		667C9556243A69D900A2BE2D /* Products */ = {
			isa = PBXGroup;
			children = (
				667C955A243A69DA00A2BE2D /* ArrayBasics */,
			);
			name = Products;
			sourceTree = "<group>";
		};
		667C956F243A6B6800A2BE2D /* Products */ = {
			isa = PBXGroup;
			children = (
				667C9573243A6B6900A2BE2D /* DynamicArray */,
			);
			name = Products;
			sourceTree = "<group>";
		};
		667C9588243A6CF800A2BE2D /* Products */ = {
			isa = PBXGroup;
			children = (
				667C958C243A6CF900A2BE2D /* ResizeArray */,
			);
			name = Products;
			sourceTree = "<group>";
		};
/* End PBXGroup section */

/* Begin PBXNativeTarget section */
		667173BE243813D700704116 /* data-structures-and-algorithms */ = {
			isa = PBXNativeTarget;
			buildConfigurationList = 667173C6243813D700704116 /* Build configuration list for PBXNativeTarget "data-structures-and-algorithms" */;
			buildPhases = (
				667173BB243813D700704116 /* Sources */,
				667173BC243813D700704116 /* Frameworks */,
				667173BD243813D700704116 /* CopyFiles */,
			);
			buildRules = (
			);
			dependencies = (
			);
			name = "data-structures-and-algorithms";
			productName = "data-structures-and-algorithms";
			productReference = 667173BF243813D700704116 /* data-structures-and-algorithms */;
			productType = "com.apple.product-type.tool";
		};
/* End PBXNativeTarget section */

/* Begin PBXProject section */
		667173B7243813D700704116 /* Project object */ = {
			isa = PBXProject;
			attributes = {
				LastUpgradeCheck = 1130;
				ORGANIZATIONNAME = "Ignacio Herrera";
				TargetAttributes = {
					667173BE243813D700704116 = {
						CreatedOnToolsVersion = 11.3.1;
					};
				};
			};
			buildConfigurationList = 667173BA243813D700704116 /* Build configuration list for PBXProject "data-structures-and-algorithms" */;
			compatibilityVersion = "Xcode 9.3";
			developmentRegion = en;
			hasScannedForEncodings = 0;
			knownRegions = (
				en,
				Base,
			);
			mainGroup = 667173B6243813D700704116;
			productRefGroup = 667173C0243813D700704116 /* Products */;
			projectDirPath = "";
			projectReferences = (
				{
					ProductGroup = 667C9556243A69D900A2BE2D /* Products */;
					ProjectRef = 667C9555243A69D900A2BE2D /* ArrayBasics.xcodeproj */;
				},
				{
					ProductGroup = 667C9520243A21A300A2BE2D /* Products */;
					ProjectRef = 667C951F243A21A300A2BE2D /* CombinatoryNumber.xcodeproj */;
				},
				{
					ProductGroup = 667C956F243A6B6800A2BE2D /* Products */;
					ProjectRef = 667C956E243A6B6800A2BE2D /* DynamicArray.xcodeproj */;
				},
				{
					ProductGroup = 667C9507243A1CF400A2BE2D /* Products */;
					ProjectRef = 667C9506243A1CF400A2BE2D /* Fibonacci.xcodeproj */;
				},
				{
					ProductGroup = 667C9539243A237F00A2BE2D /* Products */;
					ProjectRef = 667C9538243A237F00A2BE2D /* HanoiTowers.xcodeproj */;
				},
				{
					ProductGroup = 66399EDE2439803E00102861 /* Products */;
					ProjectRef = 66399EDD2439803E00102861 /* IndirectRecursion.xcodeproj */;
				},
				{
					ProductGroup = 66399EF72439818C00102861 /* Products */;
					ProjectRef = 66399EF62439818C00102861 /* NestedRecursion.xcodeproj */;
				},
				{
					ProductGroup = 667C9588243A6CF800A2BE2D /* Products */;
					ProjectRef = 667C9587243A6CF800A2BE2D /* ResizeArray.xcodeproj */;
				},
				{
					ProductGroup = 667C94EE243A1CCF00A2BE2D /* Products */;
					ProjectRef = 66399F0F243983B000102861 /* TaylorSeries.xcodeproj */;
				},
				{
					ProductGroup = 66399EC524397D7000102861 /* Products */;
					ProjectRef = 66399EC424397D7000102861 /* TreeRecursion.xcodeproj */;
				},
			);
			projectRoot = "";
			targets = (
				667173BE243813D700704116 /* data-structures-and-algorithms */,
			);
		};
/* End PBXProject section */

/* Begin PBXReferenceProxy section */
		66399EC924397D7200102861 /* TreeRecursion */ = {
			isa = PBXReferenceProxy;
			fileType = "compiled.mach-o.executable";
			path = TreeRecursion;
			remoteRef = 66399EC824397D7200102861 /* PBXContainerItemProxy */;
			sourceTree = BUILT_PRODUCTS_DIR;
		};
		66399EE22439803F00102861 /* IndirectRecursion */ = {
			isa = PBXReferenceProxy;
			fileType = "compiled.mach-o.executable";
			path = IndirectRecursion;
			remoteRef = 66399EE12439803F00102861 /* PBXContainerItemProxy */;
			sourceTree = BUILT_PRODUCTS_DIR;
		};
		66399EFB2439818D00102861 /* NestedRecursion */ = {
			isa = PBXReferenceProxy;
			fileType = "compiled.mach-o.executable";
			path = NestedRecursion;
			remoteRef = 66399EFA2439818D00102861 /* PBXContainerItemProxy */;
			sourceTree = BUILT_PRODUCTS_DIR;
		};
		667C94F2243A1CCF00A2BE2D /* TaylorSeries */ = {
			isa = PBXReferenceProxy;
			fileType = "compiled.mach-o.executable";
			path = TaylorSeries;
			remoteRef = 667C94F1243A1CCF00A2BE2D /* PBXContainerItemProxy */;
			sourceTree = BUILT_PRODUCTS_DIR;
		};
		667C950B243A1CF500A2BE2D /* Fibonacci */ = {
			isa = PBXReferenceProxy;
			fileType = "compiled.mach-o.executable";
			path = Fibonacci;
			remoteRef = 667C950A243A1CF500A2BE2D /* PBXContainerItemProxy */;
			sourceTree = BUILT_PRODUCTS_DIR;
		};
		667C9524243A21A400A2BE2D /* CombinatoryNumber */ = {
			isa = PBXReferenceProxy;
			fileType = "compiled.mach-o.executable";
			path = CombinatoryNumber;
			remoteRef = 667C9523243A21A400A2BE2D /* PBXContainerItemProxy */;
			sourceTree = BUILT_PRODUCTS_DIR;
		};
		667C953D243A238000A2BE2D /* HanoiTowers */ = {
			isa = PBXReferenceProxy;
			fileType = "compiled.mach-o.executable";
			path = HanoiTowers;
			remoteRef = 667C953C243A238000A2BE2D /* PBXContainerItemProxy */;
			sourceTree = BUILT_PRODUCTS_DIR;
		};
		667C955A243A69DA00A2BE2D /* ArrayBasics */ = {
			isa = PBXReferenceProxy;
			fileType = "compiled.mach-o.executable";
			path = ArrayBasics;
			remoteRef = 667C9559243A69DA00A2BE2D /* PBXContainerItemProxy */;
			sourceTree = BUILT_PRODUCTS_DIR;
		};
		667C9573243A6B6900A2BE2D /* DynamicArray */ = {
			isa = PBXReferenceProxy;
			fileType = "compiled.mach-o.executable";
			path = DynamicArray;
			remoteRef = 667C9572243A6B6900A2BE2D /* PBXContainerItemProxy */;
			sourceTree = BUILT_PRODUCTS_DIR;
		};
		667C958C243A6CF900A2BE2D /* ResizeArray */ = {
			isa = PBXReferenceProxy;
			fileType = "compiled.mach-o.executable";
			path = ResizeArray;
			remoteRef = 667C958B243A6CF900A2BE2D /* PBXContainerItemProxy */;
			sourceTree = BUILT_PRODUCTS_DIR;
		};
/* End PBXReferenceProxy section */

/* Begin PBXSourcesBuildPhase section */
		667173BB243813D700704116 /* Sources */ = {
			isa = PBXSourcesBuildPhase;
			buildActionMask = 2147483647;
			files = (
				667173C3243813D700704116 /* main.cpp in Sources */,
			);
			runOnlyForDeploymentPostprocessing = 0;
		};
/* End PBXSourcesBuildPhase section */

/* Begin XCBuildConfiguration section */
		667173C4243813D700704116 /* Debug */ = {
			isa = XCBuildConfiguration;
			buildSettings = {
				ALWAYS_SEARCH_USER_PATHS = NO;
				CLANG_ANALYZER_NONNULL = YES;
				CLANG_ANALYZER_NUMBER_OBJECT_CONVERSION = YES_AGGRESSIVE;
				CLANG_CXX_LANGUAGE_STANDARD = "gnu++14";
				CLANG_CXX_LIBRARY = "libc++";
				CLANG_ENABLE_MODULES = YES;
				CLANG_ENABLE_OBJC_ARC = YES;
				CLANG_ENABLE_OBJC_WEAK = YES;
				CLANG_WARN_BLOCK_CAPTURE_AUTORELEASING = YES;
				CLANG_WARN_BOOL_CONVERSION = YES;
				CLANG_WARN_COMMA = YES;
				CLANG_WARN_CONSTANT_CONVERSION = YES;
				CLANG_WARN_DEPRECATED_OBJC_IMPLEMENTATIONS = YES;
				CLANG_WARN_DIRECT_OBJC_ISA_USAGE = YES_ERROR;
				CLANG_WARN_DOCUMENTATION_COMMENTS = YES;
				CLANG_WARN_EMPTY_BODY = YES;
				CLANG_WARN_ENUM_CONVERSION = YES;
				CLANG_WARN_INFINITE_RECURSION = YES;
				CLANG_WARN_INT_CONVERSION = YES;
				CLANG_WARN_NON_LITERAL_NULL_CONVERSION = YES;
				CLANG_WARN_OBJC_IMPLICIT_RETAIN_SELF = YES;
				CLANG_WARN_OBJC_LITERAL_CONVERSION = YES;
				CLANG_WARN_OBJC_ROOT_CLASS = YES_ERROR;
				CLANG_WARN_RANGE_LOOP_ANALYSIS = YES;
				CLANG_WARN_STRICT_PROTOTYPES = YES;
				CLANG_WARN_SUSPICIOUS_MOVE = YES;
				CLANG_WARN_UNGUARDED_AVAILABILITY = YES_AGGRESSIVE;
				CLANG_WARN_UNREACHABLE_CODE = YES;
				CLANG_WARN__DUPLICATE_METHOD_MATCH = YES;
				COPY_PHASE_STRIP = NO;
				DEBUG_INFORMATION_FORMAT = dwarf;
				ENABLE_STRICT_OBJC_MSGSEND = YES;
				ENABLE_TESTABILITY = YES;
				GCC_C_LANGUAGE_STANDARD = gnu11;
				GCC_DYNAMIC_NO_PIC = NO;
				GCC_NO_COMMON_BLOCKS = YES;
				GCC_OPTIMIZATION_LEVEL = 0;
				GCC_PREPROCESSOR_DEFINITIONS = (
					"DEBUG=1",
					"$(inherited)",
				);
				GCC_WARN_64_TO_32_BIT_CONVERSION = YES;
				GCC_WARN_ABOUT_RETURN_TYPE = YES_ERROR;
				GCC_WARN_UNDECLARED_SELECTOR = YES;
				GCC_WARN_UNINITIALIZED_AUTOS = YES_AGGRESSIVE;
				GCC_WARN_UNUSED_FUNCTION = YES;
				GCC_WARN_UNUSED_VARIABLE = YES;
				MACOSX_DEPLOYMENT_TARGET = 10.14;
				MTL_ENABLE_DEBUG_INFO = INCLUDE_SOURCE;
				MTL_FAST_MATH = YES;
				ONLY_ACTIVE_ARCH = YES;
				SDKROOT = macosx;
			};
			name = Debug;
		};
		667173C5243813D700704116 /* Release */ = {
			isa = XCBuildConfiguration;
			buildSettings = {
				ALWAYS_SEARCH_USER_PATHS = NO;
				CLANG_ANALYZER_NONNULL = YES;
				CLANG_ANALYZER_NUMBER_OBJECT_CONVERSION = YES_AGGRESSIVE;
				CLANG_CXX_LANGUAGE_STANDARD = "gnu++14";
				CLANG_CXX_LIBRARY = "libc++";
				CLANG_ENABLE_MODULES = YES;
				CLANG_ENABLE_OBJC_ARC = YES;
				CLANG_ENABLE_OBJC_WEAK = YES;
				CLANG_WARN_BLOCK_CAPTURE_AUTORELEASING = YES;
				CLANG_WARN_BOOL_CONVERSION = YES;
				CLANG_WARN_COMMA = YES;
				CLANG_WARN_CONSTANT_CONVERSION = YES;
				CLANG_WARN_DEPRECATED_OBJC_IMPLEMENTATIONS = YES;
				CLANG_WARN_DIRECT_OBJC_ISA_USAGE = YES_ERROR;
				CLANG_WARN_DOCUMENTATION_COMMENTS = YES;
				CLANG_WARN_EMPTY_BODY = YES;
				CLANG_WARN_ENUM_CONVERSION = YES;
				CLANG_WARN_INFINITE_RECURSION = YES;
				CLANG_WARN_INT_CONVERSION = YES;
				CLANG_WARN_NON_LITERAL_NULL_CONVERSION = YES;
				CLANG_WARN_OBJC_IMPLICIT_RETAIN_SELF = YES;
				CLANG_WARN_OBJC_LITERAL_CONVERSION = YES;
				CLANG_WARN_OBJC_ROOT_CLASS = YES_ERROR;
				CLANG_WARN_RANGE_LOOP_ANALYSIS = YES;
				CLANG_WARN_STRICT_PROTOTYPES = YES;
				CLANG_WARN_SUSPICIOUS_MOVE = YES;
				CLANG_WARN_UNGUARDED_AVAILABILITY = YES_AGGRESSIVE;
				CLANG_WARN_UNREACHABLE_CODE = YES;
				CLANG_WARN__DUPLICATE_METHOD_MATCH = YES;
				COPY_PHASE_STRIP = NO;
				DEBUG_INFORMATION_FORMAT = "dwarf-with-dsym";
				ENABLE_NS_ASSERTIONS = NO;
				ENABLE_STRICT_OBJC_MSGSEND = YES;
				GCC_C_LANGUAGE_STANDARD = gnu11;
				GCC_NO_COMMON_BLOCKS = YES;
				GCC_WARN_64_TO_32_BIT_CONVERSION = YES;
				GCC_WARN_ABOUT_RETURN_TYPE = YES_ERROR;
				GCC_WARN_UNDECLARED_SELECTOR = YES;
				GCC_WARN_UNINITIALIZED_AUTOS = YES_AGGRESSIVE;
				GCC_WARN_UNUSED_FUNCTION = YES;
				GCC_WARN_UNUSED_VARIABLE = YES;
				MACOSX_DEPLOYMENT_TARGET = 10.14;
				MTL_ENABLE_DEBUG_INFO = NO;
				MTL_FAST_MATH = YES;
				SDKROOT = macosx;
			};
			name = Release;
		};
		667173C7243813D700704116 /* Debug */ = {
			isa = XCBuildConfiguration;
			buildSettings = {
				CODE_SIGN_STYLE = Automatic;
				PRODUCT_NAME = "$(TARGET_NAME)";
			};
			name = Debug;
		};
		667173C8243813D700704116 /* Release */ = {
			isa = XCBuildConfiguration;
			buildSettings = {
				CODE_SIGN_STYLE = Automatic;
				PRODUCT_NAME = "$(TARGET_NAME)";
			};
			name = Release;
		};
/* End XCBuildConfiguration section */

/* Begin XCConfigurationList section */
		667173BA243813D700704116 /* Build configuration list for PBXProject "data-structures-and-algorithms" */ = {
			isa = XCConfigurationList;
			buildConfigurations = (
				667173C4243813D700704116 /* Debug */,
				667173C5243813D700704116 /* Release */,
			);
			defaultConfigurationIsVisible = 0;
			defaultConfigurationName = Release;
		};
		667173C6243813D700704116 /* Build configuration list for PBXNativeTarget "data-structures-and-algorithms" */ = {
			isa = XCConfigurationList;
			buildConfigurations = (
				667173C7243813D700704116 /* Debug */,
				667173C8243813D700704116 /* Release */,
			);
			defaultConfigurationIsVisible = 0;
			defaultConfigurationName = Release;
		};
/* End XCConfigurationList section */
	};
	rootObject = 667173B7243813D700704116 /* Project object */;
}
